
Microsoft Visual Studio Solution File, Format Version 11.00
# Visual Studio 2010
# SharpDevelop 4.2.2.8818
Project("{FAE04EC0-301F-11D3-BF4B-00C04F79EFBC}") = "SpringCardPcsc", "SpringCardPcsc\SpringCardPcsc.csproj", "{139DF80B-5389-459E-8710-E1B8830E6565}"
EndProject
Project("{FAE04EC0-301F-11D3-BF4B-00C04F79EFBC}") = "SpringCardNfc", "SpringCardNfc\SpringCardNfc.csproj", "{36BE1ECB-80F1-4791-BF51-CF8C1CE35DD5}"
EndProject
Global
	GlobalSection(SolutionConfigurationPlatforms) = preSolution
		Debug|x86 = Debug|x86
		Release|x86 = Release|x86
	EndGlobalSection
	GlobalSection(ProjectConfigurationPlatforms) = postSolution
		{139DF80B-5389-459E-8710-E1B8830E6565}.Debug|x86.Build.0 = Debug|x86
		{139DF80B-5389-459E-8710-E1B8830E6565}.Debug|x86.ActiveCfg = Debug|x86
		{139DF80B-5389-459E-8710-E1B8830E6565}.Release|x86.Build.0 = Release|x86
		{139DF80B-5389-459E-8710-E1B8830E6565}.Release|x86.ActiveCfg = Release|x86
		{36BE1ECB-80F1-4791-BF51-CF8C1CE35DD5}.Debug|x86.Build.0 = Debug|x86
		{36BE1ECB-80F1-4791-BF51-CF8C1CE35DD5}.Debug|x86.ActiveCfg = Debug|x86
		{36BE1ECB-80F1-4791-BF51-CF8C1CE35DD5}.Release|x86.Build.0 = Release|x86
		{36BE1ECB-80F1-4791-BF51-CF8C1CE35DD5}.Release|x86.ActiveCfg = Release|x86
	EndGlobalSection
EndGlobal
